
Microsoft Visual Studio Solution File, Format Version 12.00
# Visual Studio Version 17
VisualStudioVersion = 17.6.33829.357
MinimumVisualStudioVersion = 10.0.40219.1
Project("{FAE04EC0-301F-11D3-BF4B-00C04F79EFBC}") = "UniqChat", "UniqChat\UniqChat.csproj", "{939CAA72-AB5C-4118-A223-5E4509D581AD}"
EndProject
Global
	GlobalSection(SolutionConfigurationPlatforms) = preSolution
		Debug|Any CPU = Debug|Any CPU
		Release|Any CPU = Release|Any CPU
	EndGlobalSection
	GlobalSection(ProjectConfigurationPlatforms) = postSolution
		{939CAA72-AB5C-4118-A223-5E4509D581AD}.Debug|Any CPU.ActiveCfg = Debug|Any CPU
		{939CAA72-AB5C-4118-A223-5E4509D581AD}.Debug|Any CPU.Build.0 = Debug|Any CPU
		{939CAA72-AB5C-4118-A223-5E4509D581AD}.Release|Any CPU.ActiveCfg = Release|Any CPU
		{939CAA72-AB5C-4118-A223-5E4509D581AD}.Release|Any CPU.Build.0 = Release|Any CPU
	EndGlobalSection
	GlobalSection(SolutionProperties) = preSolution
		HideSolutionNode = FALSE
	EndGlobalSection
	GlobalSection(ExtensibilityGlobals) = postSolution
		SolutionGuid = {BAB7ED1C-0E85-4EE9-9031-7CE379A0EF96}
	EndGlobalSection
EndGlobal
